
Microsoft Visual Studio Solution File, Format Version 12.00
# Visual Studio Version 16
VisualStudioVersion = 16.0.28922.388
MinimumVisualStudioVersion = 10.0.40219.1
Project("{FAE04EC0-301F-11D3-BF4B-00C04F79EFBC}") = "Warcraft-DiscordBot", "Warcraft-DiscordBot\Warcraft-DiscordBot.csproj", "{99A01874-C72B-4CBD-B73F-E9C82D4D000A}"
EndProject
Global
	GlobalSection(SolutionConfigurationPlatforms) = preSolution
		Debug|Any CPU = Debug|Any CPU
		Release|Any CPU = Release|Any CPU
	EndGlobalSection
	GlobalSection(ProjectConfigurationPlatforms) = postSolution
		{99A01874-C72B-4CBD-B73F-E9C82D4D000A}.Debug|Any CPU.ActiveCfg = Debug|Any CPU
		{99A01874-C72B-4CBD-B73F-E9C82D4D000A}.Debug|Any CPU.Build.0 = Debug|Any CPU
		{99A01874-C72B-4CBD-B73F-E9C82D4D000A}.Release|Any CPU.ActiveCfg = Release|Any CPU
		{99A01874-C72B-4CBD-B73F-E9C82D4D000A}.Release|Any CPU.Build.0 = Release|Any CPU
	EndGlobalSection
	GlobalSection(SolutionProperties) = preSolution
		HideSolutionNode = FALSE
	EndGlobalSection
	GlobalSection(ExtensibilityGlobals) = postSolution
		SolutionGuid = {E4707D75-C4EC-4296-979F-209916A82F61}
	EndGlobalSection
EndGlobal
